<Solution>
  <Configurations>
    <Platform Name="ARM64" />
    <Platform Name="x64" />
  </Configurations>
  <Project Path="CommonCore/CommonCore.shproj" Id="076556fd-204b-4b34-9fb9-82e48a87e3e4" />
  <Project Path="Components/DISMService/DISMService.csproj">
    <Platform Solution="*|ARM64" Project="arm64" />
    <Platform Solution="*|x64" Project="x64" />
  </Project>
  <Project Path="Components/QuantumRelayWSS/QuantumRelayWSS.csproj">
    <Platform Solution="*|ARM64" Project="arm64" />
    <Platform Solution="*|x64" Project="x64" />
  </Project>
  <Project Path="Windows Security Studio.csproj">
    <Platform Solution="*|ARM64" Project="ARM64" />
    <Platform Solution="*|x64" Project="x64" />
    <Deploy />
  </Project>
</Solution>
